
Microsoft Visual Studio Solution File, Format Version 12.00
# Visual Studio Version 17
VisualStudioVersion = 17.1.32228.430
MinimumVisualStudioVersion = 10.0.40219.1
Project("{FAE04EC0-301F-11D3-BF4B-00C04F79EFBC}") = "ControlAyV", "ControlAyV\ControlAyV.csproj", "{C6C4F174-2B7D-40C8-BF61-325DEA65CE9C}"
EndProject
Global
	GlobalSection(SolutionConfigurationPlatforms) = preSolution
		Debug|Any CPU = Debug|Any CPU
		Release|Any CPU = Release|Any CPU
	EndGlobalSection
	GlobalSection(ProjectConfigurationPlatforms) = postSolution
		{C6C4F174-2B7D-40C8-BF61-325DEA65CE9C}.Debug|Any CPU.ActiveCfg = Debug|Any CPU
		{C6C4F174-2B7D-40C8-BF61-325DEA65CE9C}.Debug|Any CPU.Build.0 = Debug|Any CPU
		{C6C4F174-2B7D-40C8-BF61-325DEA65CE9C}.Release|Any CPU.ActiveCfg = Release|Any CPU
		{C6C4F174-2B7D-40C8-BF61-325DEA65CE9C}.Release|Any CPU.Build.0 = Release|Any CPU
	EndGlobalSection
	GlobalSection(SolutionProperties) = preSolution
		HideSolutionNode = FALSE
	EndGlobalSection
	GlobalSection(ExtensibilityGlobals) = postSolution
		SolutionGuid = {92B8AA7A-9B5B-4228-98B7-60C382149CF9}
	EndGlobalSection
EndGlobal
